{
  "lockfile_version": "1",
  "packages": {
    "buf@latest": {
      "last_modified": "2023-06-29T16:20:38Z",
      "resolved": "github:NixOS/nixpkgs/3c614fbc76fc152f3e1bc4b2263da6d90adf80fb#buf",
      "source": "devbox-search",
      "version": "1.21.0"
    },
    "go@latest": {
      "last_modified": "2023-06-29T16:20:38Z",
      "resolved": "github:NixOS/nixpkgs/3c614fbc76fc152f3e1bc4b2263da6d90adf80fb#go",
      "source": "devbox-search",
      "version": "1.20.5"
    },
    "golangci-lint@latest": {
      "last_modified": "2023-06-29T16:20:38Z",
      "resolved": "github:NixOS/nixpkgs/3c614fbc76fc152f3e1bc4b2263da6d90adf80fb#golangci-lint",
      "source": "devbox-search",
      "version": "1.53.3"
    }
  }
}
